
Microsoft Visual Studio Solution File, Format Version 12.00
# Visual Studio Version 16
VisualStudioVersion = 16.0.29613.14
MinimumVisualStudioVersion = 10.0.40219.1
Project("{8BC9CEB8-8B4A-11D0-8D11-00A0C91BC942}") = "MyClassLibrary1", "MyClassLibrary1.vcxproj", "{CDE9BE74-0149-4205-81AC-6AA6302EBE94}"
EndProject
Project("{8BC9CEB8-8B4A-11D0-8D11-00A0C91BC942}") = "ConsoleApplication1", "..\ConsoleApplication1\ConsoleApplication1.vcxproj", "{FA7A6DA6-ABC7-4584-B39F-3FB8672C0030}"
EndProject
Global
	GlobalSection(SolutionConfigurationPlatforms) = preSolution
		Debug|x64 = Debug|x64
		Debug|x86 = Debug|x86
		Release|x64 = Release|x64
		Release|x86 = Release|x86
	EndGlobalSection
	GlobalSection(ProjectConfigurationPlatforms) = postSolution
		{CDE9BE74-0149-4205-81AC-6AA6302EBE94}.Debug|x64.ActiveCfg = Debug|x64
		{CDE9BE74-0149-4205-81AC-6AA6302EBE94}.Debug|x64.Build.0 = Debug|x64
		{CDE9BE74-0149-4205-81AC-6AA6302EBE94}.Debug|x86.ActiveCfg = Debug|Win32
		{CDE9BE74-0149-4205-81AC-6AA6302EBE94}.Debug|x86.Build.0 = Debug|Win32
		{CDE9BE74-0149-4205-81AC-6AA6302EBE94}.Release|x64.ActiveCfg = Release|x64
		{CDE9BE74-0149-4205-81AC-6AA6302EBE94}.Release|x64.Build.0 = Release|x64
		{CDE9BE74-0149-4205-81AC-6AA6302EBE94}.Release|x86.ActiveCfg = Release|Win32
		{CDE9BE74-0149-4205-81AC-6AA6302EBE94}.Release|x86.Build.0 = Release|Win32
		{FA7A6DA6-ABC7-4584-B39F-3FB8672C0030}.Debug|x64.ActiveCfg = Debug|x64
		{FA7A6DA6-ABC7-4584-B39F-3FB8672C0030}.Debug|x64.Build.0 = Debug|x64
		{FA7A6DA6-ABC7-4584-B39F-3FB8672C0030}.Debug|x86.ActiveCfg = Debug|Win32
		{FA7A6DA6-ABC7-4584-B39F-3FB8672C0030}.Debug|x86.Build.0 = Debug|Win32
		{FA7A6DA6-ABC7-4584-B39F-3FB8672C0030}.Release|x64.ActiveCfg = Release|x64
		{FA7A6DA6-ABC7-4584-B39F-3FB8672C0030}.Release|x64.Build.0 = Release|x64
		{FA7A6DA6-ABC7-4584-B39F-3FB8672C0030}.Release|x86.ActiveCfg = Release|Win32
		{FA7A6DA6-ABC7-4584-B39F-3FB8672C0030}.Release|x86.Build.0 = Release|Win32
	EndGlobalSection
	GlobalSection(SolutionProperties) = preSolution
		HideSolutionNode = FALSE
	EndGlobalSection
	GlobalSection(ExtensibilityGlobals) = postSolution
		SolutionGuid = {D9DC87B3-5D39-4831-9ED8-471DF3DC523C}
	EndGlobalSection
EndGlobal
